
Microsoft Visual Studio Solution File, Format Version 12.00
# Visual Studio Version 17
VisualStudioVersion = 17.14.36414.22
MinimumVisualStudioVersion = 10.0.40219.1
Project("{FAE04EC0-301F-11D3-BF4B-00C04F79EFBC}") = "AISpace.Server", "AISpace.Auth.Server\AISpace.Server.csproj", "{10003C6F-A332-4009-8F35-30E158206F12}"
EndProject
Project("{FAE04EC0-301F-11D3-BF4B-00C04F79EFBC}") = "AISpace.Common", "AISpace.Common\AISpace.Common.csproj", "{F7B40D2D-5567-43A7-92D2-AF7675885B26}"
EndProject
Global
	GlobalSection(SolutionConfigurationPlatforms) = preSolution
		Debug|Any CPU = Debug|Any CPU
		Release|Any CPU = Release|Any CPU
	EndGlobalSection
	GlobalSection(ProjectConfigurationPlatforms) = postSolution
		{10003C6F-A332-4009-8F35-30E158206F12}.Debug|Any CPU.ActiveCfg = Debug|Any CPU
		{10003C6F-A332-4009-8F35-30E158206F12}.Debug|Any CPU.Build.0 = Debug|Any CPU
		{10003C6F-A332-4009-8F35-30E158206F12}.Release|Any CPU.ActiveCfg = Release|Any CPU
		{10003C6F-A332-4009-8F35-30E158206F12}.Release|Any CPU.Build.0 = Release|Any CPU
		{F7B40D2D-5567-43A7-92D2-AF7675885B26}.Debug|Any CPU.ActiveCfg = Debug|Any CPU
		{F7B40D2D-5567-43A7-92D2-AF7675885B26}.Debug|Any CPU.Build.0 = Debug|Any CPU
		{F7B40D2D-5567-43A7-92D2-AF7675885B26}.Release|Any CPU.ActiveCfg = Release|Any CPU
		{F7B40D2D-5567-43A7-92D2-AF7675885B26}.Release|Any CPU.Build.0 = Release|Any CPU
	EndGlobalSection
	GlobalSection(SolutionProperties) = preSolution
		HideSolutionNode = FALSE
	EndGlobalSection
	GlobalSection(ExtensibilityGlobals) = postSolution
		SolutionGuid = {E72248BB-DE36-4B4C-92E7-4E6615A5BC10}
	EndGlobalSection
EndGlobal
